
Microsoft Visual Studio Solution File, Format Version 12.00
# Visual Studio Version 17
VisualStudioVersion = 17.4.33103.184
MinimumVisualStudioVersion = 10.0.40219.1
Project("{FAE04EC0-301F-11D3-BF4B-00C04F79EFBC}") = "linQ_Practice_", "linQ_Practice_\linQ_Practice_.csproj", "{F677AF01-F43F-4B9C-BB00-4FF174498C7C}"
EndProject
Global
	GlobalSection(SolutionConfigurationPlatforms) = preSolution
		Debug|Any CPU = Debug|Any CPU
		Release|Any CPU = Release|Any CPU
	EndGlobalSection
	GlobalSection(ProjectConfigurationPlatforms) = postSolution
		{F677AF01-F43F-4B9C-BB00-4FF174498C7C}.Debug|Any CPU.ActiveCfg = Debug|Any CPU
		{F677AF01-F43F-4B9C-BB00-4FF174498C7C}.Debug|Any CPU.Build.0 = Debug|Any CPU
		{F677AF01-F43F-4B9C-BB00-4FF174498C7C}.Release|Any CPU.ActiveCfg = Release|Any CPU
		{F677AF01-F43F-4B9C-BB00-4FF174498C7C}.Release|Any CPU.Build.0 = Release|Any CPU
	EndGlobalSection
	GlobalSection(SolutionProperties) = preSolution
		HideSolutionNode = FALSE
	EndGlobalSection
	GlobalSection(ExtensibilityGlobals) = postSolution
		SolutionGuid = {2BC6507F-195C-4D37-B768-038216FC8221}
	EndGlobalSection
EndGlobal
